{
  "name": "storage-worker",
  "version": "1.0.0",
  "lockfileVersion": 3,
  "requires": true,
  "packages": {
    "": {
      "name": "storage-worker",
      "version": "1.0.0",
      "license": "AGPL-3.0-only",
      "dependencies": {
        "@25-ji-code-de/sekai-worker-kit": "github:25-ji-code-de/sekai-worker-kit#v0.1.1"
      }
    },
    "node_modules/@25-ji-code-de/sekai-worker-kit": {
      "version": "0.1.1",
      "resolved": "git+ssh://git@github.com/25-ji-code-de/sekai-worker-kit.git#37a1728f762d501860445ffc802e867589bf7c87",
      "license": "Apache-2.0",
      "engines": {
        "node": ">=20"
      }
    }
  }
}
